
Microsoft Visual Studio Solution File, Format Version 12.00
# Visual Studio Version 16
VisualStudioVersion = 16.0.31729.503
MinimumVisualStudioVersion = 10.0.40219.1
Project("{FAE04EC0-301F-11D3-BF4B-00C04F79EFBC}") = "ConsoleApp41", "ConsoleApp41.csproj", "{B9125440-E0FF-43F3-A039-D57E55A77CEC}"
EndProject
Global
	GlobalSection(SolutionConfigurationPlatforms) = preSolution
		Debug|Any CPU = Debug|Any CPU
		Release|Any CPU = Release|Any CPU
	EndGlobalSection
	GlobalSection(ProjectConfigurationPlatforms) = postSolution
		{B9125440-E0FF-43F3-A039-D57E55A77CEC}.Debug|Any CPU.ActiveCfg = Debug|Any CPU
		{B9125440-E0FF-43F3-A039-D57E55A77CEC}.Debug|Any CPU.Build.0 = Debug|Any CPU
		{B9125440-E0FF-43F3-A039-D57E55A77CEC}.Release|Any CPU.ActiveCfg = Release|Any CPU
		{B9125440-E0FF-43F3-A039-D57E55A77CEC}.Release|Any CPU.Build.0 = Release|Any CPU
	EndGlobalSection
	GlobalSection(SolutionProperties) = preSolution
		HideSolutionNode = FALSE
	EndGlobalSection
	GlobalSection(ExtensibilityGlobals) = postSolution
		SolutionGuid = {20719C2C-527E-4DC4-B95D-B6D7FC274E90}
	EndGlobalSection
EndGlobal
